
Microsoft Visual Studio Solution File, Format Version 12.00
# Visual Studio Version 17
VisualStudioVersion = 17.14.36327.8 d17.14
MinimumVisualStudioVersion = 10.0.40219.1
Project("{FAE04EC0-301F-11D3-BF4B-00C04F79EFBC}") = "prjICETask2", "prjICETask2\prjICETask2.csproj", "{F3E26BAF-6140-4A15-AB17-5CA4A5821613}"
EndProject
Project("{FAE04EC0-301F-11D3-BF4B-00C04F79EFBC}") = "TestCarsIndexer", "TestCarsIndexer\TestCarsIndexer.csproj", "{B453C424-43A5-40A2-9EBE-5AC1343F0F59}"
EndProject
Global
	GlobalSection(SolutionConfigurationPlatforms) = preSolution
		Debug|Any CPU = Debug|Any CPU
		Release|Any CPU = Release|Any CPU
	EndGlobalSection
	GlobalSection(ProjectConfigurationPlatforms) = postSolution
		{F3E26BAF-6140-4A15-AB17-5CA4A5821613}.Debug|Any CPU.ActiveCfg = Debug|Any CPU
		{F3E26BAF-6140-4A15-AB17-5CA4A5821613}.Debug|Any CPU.Build.0 = Debug|Any CPU
		{F3E26BAF-6140-4A15-AB17-5CA4A5821613}.Release|Any CPU.ActiveCfg = Release|Any CPU
		{F3E26BAF-6140-4A15-AB17-5CA4A5821613}.Release|Any CPU.Build.0 = Release|Any CPU
		{B453C424-43A5-40A2-9EBE-5AC1343F0F59}.Debug|Any CPU.ActiveCfg = Debug|Any CPU
		{B453C424-43A5-40A2-9EBE-5AC1343F0F59}.Debug|Any CPU.Build.0 = Debug|Any CPU
		{B453C424-43A5-40A2-9EBE-5AC1343F0F59}.Release|Any CPU.ActiveCfg = Release|Any CPU
		{B453C424-43A5-40A2-9EBE-5AC1343F0F59}.Release|Any CPU.Build.0 = Release|Any CPU
	EndGlobalSection
	GlobalSection(SolutionProperties) = preSolution
		HideSolutionNode = FALSE
	EndGlobalSection
	GlobalSection(ExtensibilityGlobals) = postSolution
		SolutionGuid = {C43A6278-6220-4482-9B5F-68B60AB1397D}
	EndGlobalSection
EndGlobal
